{
  "version": 4,
  "terraform_version": "0.12.10",
  "serial": 115,
  "lineage": "6dca31ee-ce6e-c4b0-a7e6-7e863469a304",
  "outputs": {
    "cluster-ips": {
      "value": [
        "165.22.39.169",
        "167.71.162.135",
        "45.55.37.200"
      ],
      "type": [
        "tuple",
        [
          "string",
          "string",
          "string"
        ]
      ]
    },
    "lb-ip": {
      "value": "165.227.248.60}",
      "type": "string"
    }
  },
  "resources": [
    {
      "mode": "data",
      "type": "digitalocean_ssh_key",
      "name": "ssh_key",
      "provider": "provider.digitalocean",
      "instances": [
        {
          "schema_version": 0,
          "attributes": {
            "fingerprint": "8e:f0:f0:4f:18:0d:c1:c1:68:af:c5:8e:eb:4c:74:77",
            "id": "25343912",
            "name": "ZCoolKey",
            "public_key": "ssh-rsa AAAAB3NzaC1yc2EAAAADAQABAAABAQDF+zerfkx+a6fENzI9u3Qx1i075AZuUuzsJKJLIznjcGRU/0e7sfHcCq5/Xbx71mmmJfNm+johJbNqZiJHT29wW80S6E2Jh8HMvRfixO65nKY8fnBxlyRjum87JPtn+1JhhfEJfBK7BfK8qQLy6hrsrOXEcSBtbBFmyr/VSDEP+ySRxnwH6+at69HiQ0hyc0uwfz/oKn3iF3BjKAkjxwpnvB2ApXlaI6OhU2jPqoUnd+ZVabL1+GSbjP+inP2lrOrTD59VDPdMiehSeksXEifU+CDPZ6SKBPrOo4c9jK2nuNMjtULxJCEPTwgbunxCQZhP1fmrrYe6PGaLt5YYOExf Omar@CR00182.local"
          }
        }
      ]
    },
    {
      "mode": "managed",
      "type": "digitalocean_droplet",
      "name": "cluster",
      "each": "list",
      "provider": "provider.digitalocean",
      "instances": [
        {
          "index_key": 0,
          "schema_version": 1,
          "attributes": {
            "backups": false,
            "created_at": "2019-10-18T08:17:34Z",
            "disk": 25,
            "id": "163420449",
            "image": "ubuntu-18-04-x64",
            "ipv4_address": "165.22.39.169",
            "ipv4_address_private": "10.132.41.235",
            "ipv6": false,
            "ipv6_address": "",
            "ipv6_address_private": null,
            "locked": false,
            "memory": 1024,
            "monitoring": false,
            "name": "web",
            "price_hourly": 0.00744,
            "price_monthly": 5,
            "private_networking": true,
            "region": "nyc3",
            "resize_disk": true,
            "size": "s-1vcpu-1gb",
            "ssh_keys": [
              "25343912"
            ],
            "status": "active",
            "tags": null,
            "urn": "do:droplet:163420449",
            "user_data": null,
            "vcpus": 1,
            "volume_ids": []
          },
          "private": "eyJzY2hlbWFfdmVyc2lvbiI6IjEifQ==",
          "depends_on": [
            "data.digitalocean_ssh_key.ssh_key"
          ]
        },
        {
          "index_key": 1,
          "schema_version": 1,
          "attributes": {
            "backups": false,
            "created_at": "2019-10-18T08:17:34Z",
            "disk": 25,
            "id": "163420448",
            "image": "ubuntu-18-04-x64",
            "ipv4_address": "167.71.162.135",
            "ipv4_address_private": "10.132.46.121",
            "ipv6": false,
            "ipv6_address": "",
            "ipv6_address_private": null,
            "locked": false,
            "memory": 1024,
            "monitoring": false,
            "name": "web",
            "price_hourly": 0.00744,
            "price_monthly": 5,
            "private_networking": true,
            "region": "nyc3",
            "resize_disk": true,
            "size": "s-1vcpu-1gb",
            "ssh_keys": [
              "25343912"
            ],
            "status": "active",
            "tags": null,
            "urn": "do:droplet:163420448",
            "user_data": null,
            "vcpus": 1,
            "volume_ids": []
          },
          "private": "eyJzY2hlbWFfdmVyc2lvbiI6IjEifQ==",
          "depends_on": [
            "data.digitalocean_ssh_key.ssh_key"
          ]
        },
        {
          "index_key": 2,
          "schema_version": 1,
          "attributes": {
            "backups": false,
            "created_at": "2019-10-18T08:17:33Z",
            "disk": 25,
            "id": "163420445",
            "image": "ubuntu-18-04-x64",
            "ipv4_address": "45.55.37.200",
            "ipv4_address_private": "10.132.38.113",
            "ipv6": false,
            "ipv6_address": "",
            "ipv6_address_private": null,
            "locked": false,
            "memory": 1024,
            "monitoring": false,
            "name": "web",
            "price_hourly": 0.00744,
            "price_monthly": 5,
            "private_networking": true,
            "region": "nyc3",
            "resize_disk": true,
            "size": "s-1vcpu-1gb",
            "ssh_keys": [
              "25343912"
            ],
            "status": "active",
            "tags": null,
            "urn": "do:droplet:163420445",
            "user_data": null,
            "vcpus": 1,
            "volume_ids": []
          },
          "private": "eyJzY2hlbWFfdmVyc2lvbiI6IjEifQ==",
          "depends_on": [
            "data.digitalocean_ssh_key.ssh_key"
          ]
        }
      ]
    },
    {
      "mode": "managed",
      "type": "digitalocean_loadbalancer",
      "name": "lb",
      "provider": "provider.digitalocean",
      "instances": [
        {
          "schema_version": 0,
          "attributes": {
            "algorithm": "round_robin",
            "droplet_ids": [
              163420445,
              163420448,
              163420449
            ],
            "droplet_tag": "",
            "enable_proxy_protocol": false,
            "forwarding_rule": [
              {
                "certificate_id": "",
                "entry_port": 80,
                "entry_protocol": "tcp",
                "target_port": 80,
                "target_protocol": "tcp",
                "tls_passthrough": false
              },
              {
                "certificate_id": "",
                "entry_port": 443,
                "entry_protocol": "tcp",
                "target_port": 443,
                "target_protocol": "tcp",
                "tls_passthrough": false
              }
            ],
            "healthcheck": [
              {
                "check_interval_seconds": 10,
                "healthy_threshold": 5,
                "path": "/",
                "port": 80,
                "protocol": "http",
                "response_timeout_seconds": 5,
                "unhealthy_threshold": 3
              }
            ],
            "id": "51e05f70-0643-4d90-a9a7-051609b9ff60",
            "ip": "165.227.248.60",
            "name": "staging",
            "redirect_http_to_https": false,
            "region": "nyc3",
            "status": "active",
            "sticky_sessions": [
              {
                "cookie_name": "",
                "cookie_ttl_seconds": 0,
                "type": "none"
              }
            ],
            "urn": "do:loadbalancer:51e05f70-0643-4d90-a9a7-051609b9ff60"
          },
          "private": "bnVsbA==",
          "depends_on": [
            "digitalocean_droplet.cluster"
          ]
        }
      ]
    },
    {
      "mode": "managed",
      "type": "digitalocean_spaces_bucket",
      "name": "bucket",
      "provider": "provider.digitalocean",
      "instances": [
        {
          "schema_version": 0,
          "attributes": {
            "acl": "private",
            "bucket_domain_name": "staging-videos.nyc3.digitaloceanspaces.com",
            "force_destroy": false,
            "id": "staging-videos",
            "name": "staging-videos",
            "region": "nyc3",
            "urn": "do:space:staging-videos"
          },
          "private": "bnVsbA=="
        }
      ]
    }
  ]
}
