{
  "version": 4,
  "terraform_version": "0.12.10",
  "serial": 184,
  "lineage": "bfe1195f-02ac-58f7-4167-6ef0090c436d",
  "outputs": {
    "bucket": {
      "value": "swarmpit-bajanda.s3.amazonaws.com",
      "type": "string"
    },
    "cluster-ips": {
      "value": [
        "10.3.1.200",
        "10.3.1.103",
        "10.3.1.18"
      ],
      "type": [
        "tuple",
        [
          "string",
          "string",
          "string"
        ]
      ]
    },
    "jumphost": {
      "value": "35.173.220.182",
      "type": "string"
    },
    "lb": {
      "value": "lb-swarmpit-938002865.us-east-1.elb.amazonaws.com",
      "type": "string"
    },
    "pgsql_passwd": {
      "value": "ik5fVPt0KCQ2sVc6B6vE",
      "type": "string"
    }
  },
  "resources": [
    {
      "mode": "data",
      "type": "aws_ami",
      "name": "ubuntu",
      "provider": "provider.aws",
      "instances": [
        {
          "schema_version": 0,
          "attributes": {
            "architecture": "x86_64",
            "block_device_mappings": [
              {
                "device_name": "/dev/sda1",
                "ebs": {
                  "delete_on_termination": "true",
                  "encrypted": "false",
                  "iops": "0",
                  "snapshot_id": "snap-0b2ce82fbce9ea451",
                  "volume_size": "8",
                  "volume_type": "gp2"
                },
                "no_device": "",
                "virtual_name": ""
              },
              {
                "device_name": "/dev/sdb",
                "ebs": {},
                "no_device": "",
                "virtual_name": "ephemeral0"
              },
              {
                "device_name": "/dev/sdc",
                "ebs": {},
                "no_device": "",
                "virtual_name": "ephemeral1"
              }
            ],
            "creation_date": "2019-10-21T22:21:16.000Z",
            "description": "Canonical, Ubuntu, 18.04 LTS, amd64 bionic image build on 2019-10-21",
            "executable_users": null,
            "filter": [
              {
                "name": "name",
                "values": [
                  "ubuntu/images/hvm-ssd/ubuntu-bionic-18.04-amd64-server-*"
                ]
              },
              {
                "name": "virtualization-type",
                "values": [
                  "hvm"
                ]
              }
            ],
            "hypervisor": "xen",
            "id": "ami-0d5ae5525eb033d0a",
            "image_id": "ami-0d5ae5525eb033d0a",
            "image_location": "099720109477/ubuntu/images/hvm-ssd/ubuntu-bionic-18.04-amd64-server-20191021",
            "image_owner_alias": null,
            "image_type": "machine",
            "kernel_id": null,
            "most_recent": true,
            "name": "ubuntu/images/hvm-ssd/ubuntu-bionic-18.04-amd64-server-20191021",
            "name_regex": null,
            "owner_id": "099720109477",
            "owners": [
              "099720109477"
            ],
            "platform": null,
            "product_codes": [],
            "public": true,
            "ramdisk_id": null,
            "root_device_name": "/dev/sda1",
            "root_device_type": "ebs",
            "root_snapshot_id": "snap-0b2ce82fbce9ea451",
            "sriov_net_support": "simple",
            "state": "available",
            "state_reason": {
              "code": "UNSET",
              "message": "UNSET"
            },
            "tags": {},
            "virtualization_type": "hvm"
          }
        }
      ]
    },
    {
      "mode": "data",
      "type": "aws_availability_zones",
      "name": "available",
      "provider": "provider.aws",
      "instances": [
        {
          "schema_version": 0,
          "attributes": {
            "blacklisted_names": null,
            "blacklisted_zone_ids": null,
            "id": "2019-11-10 17:37:17.027644 +0000 UTC",
            "names": [
              "us-east-1a",
              "us-east-1b",
              "us-east-1c",
              "us-east-1d",
              "us-east-1e",
              "us-east-1f"
            ],
            "state": null,
            "zone_ids": [
              "use1-az2",
              "use1-az4",
              "use1-az6",
              "use1-az1",
              "use1-az3",
              "use1-az5"
            ]
          }
        }
      ]
    },
    {
      "module": "module.vpc",
      "mode": "data",
      "type": "aws_vpc_endpoint_service",
      "name": "apigw",
      "each": "list",
      "provider": "provider.aws",
      "instances": []
    },
    {
      "module": "module.vpc",
      "mode": "data",
      "type": "aws_vpc_endpoint_service",
      "name": "appmesh_envoy_management",
      "each": "list",
      "provider": "provider.aws",
      "instances": []
    },
    {
      "module": "module.vpc",
      "mode": "data",
      "type": "aws_vpc_endpoint_service",
      "name": "appstream",
      "each": "list",
      "provider": "provider.aws",
      "instances": []
    },
    {
      "module": "module.vpc",
      "mode": "data",
      "type": "aws_vpc_endpoint_service",
      "name": "athena",
      "each": "list",
      "provider": "provider.aws",
      "instances": []
    },
    {
      "module": "module.vpc",
      "mode": "data",
      "type": "aws_vpc_endpoint_service",
      "name": "cloudformation",
      "each": "list",
      "provider": "provider.aws",
      "instances": []
    },
    {
      "module": "module.vpc",
      "mode": "data",
      "type": "aws_vpc_endpoint_service",
      "name": "cloudtrail",
      "each": "list",
      "provider": "provider.aws",
      "instances": []
    },
    {
      "module": "module.vpc",
      "mode": "data",
      "type": "aws_vpc_endpoint_service",
      "name": "codebuild",
      "each": "list",
      "provider": "provider.aws",
      "instances": []
    },
    {
      "module": "module.vpc",
      "mode": "data",
      "type": "aws_vpc_endpoint_service",
      "name": "codecommit",
      "each": "list",
      "provider": "provider.aws",
      "instances": []
    },
    {
      "module": "module.vpc",
      "mode": "data",
      "type": "aws_vpc_endpoint_service",
      "name": "codepipeline",
      "each": "list",
      "provider": "provider.aws",
      "instances": []
    },
    {
      "module": "module.vpc",
      "mode": "data",
      "type": "aws_vpc_endpoint_service",
      "name": "config",
      "each": "list",
      "provider": "provider.aws",
      "instances": []
    },
    {
      "module": "module.vpc",
      "mode": "data",
      "type": "aws_vpc_endpoint_service",
      "name": "dynamodb",
      "each": "list",
      "provider": "provider.aws",
      "instances": []
    },
    {
      "module": "module.vpc",
      "mode": "data",
      "type": "aws_vpc_endpoint_service",
      "name": "ec2",
      "each": "list",
      "provider": "provider.aws",
      "instances": []
    },
    {
      "module": "module.vpc",
      "mode": "data",
      "type": "aws_vpc_endpoint_service",
      "name": "ec2messages",
      "each": "list",
      "provider": "provider.aws",
      "instances": []
    },
    {
      "module": "module.vpc",
      "mode": "data",
      "type": "aws_vpc_endpoint_service",
      "name": "ecr_api",
      "each": "list",
      "provider": "provider.aws",
      "instances": []
    },
    {
      "module": "module.vpc",
      "mode": "data",
      "type": "aws_vpc_endpoint_service",
      "name": "ecr_dkr",
      "each": "list",
      "provider": "provider.aws",
      "instances": []
    },
    {
      "module": "module.vpc",
      "mode": "data",
      "type": "aws_vpc_endpoint_service",
      "name": "ecs",
      "each": "list",
      "provider": "provider.aws",
      "instances": []
    },
    {
      "module": "module.vpc",
      "mode": "data",
      "type": "aws_vpc_endpoint_service",
      "name": "ecs_agent",
      "each": "list",
      "provider": "provider.aws",
      "instances": []
    },
    {
      "module": "module.vpc",
      "mode": "data",
      "type": "aws_vpc_endpoint_service",
      "name": "ecs_telemetry",
      "each": "list",
      "provider": "provider.aws",
      "instances": []
    },
    {
      "module": "module.vpc",
      "mode": "data",
      "type": "aws_vpc_endpoint_service",
      "name": "elasticloadbalancing",
      "each": "list",
      "provider": "provider.aws",
      "instances": []
    },
    {
      "module": "module.vpc",
      "mode": "data",
      "type": "aws_vpc_endpoint_service",
      "name": "events",
      "each": "list",
      "provider": "provider.aws",
      "instances": []
    },
    {
      "module": "module.vpc",
      "mode": "data",
      "type": "aws_vpc_endpoint_service",
      "name": "git_codecommit",
      "each": "list",
      "provider": "provider.aws",
      "instances": []
    },
    {
      "module": "module.vpc",
      "mode": "data",
      "type": "aws_vpc_endpoint_service",
      "name": "glue",
      "each": "list",
      "provider": "provider.aws",
      "instances": []
    },
    {
      "module": "module.vpc",
      "mode": "data",
      "type": "aws_vpc_endpoint_service",
      "name": "kinesis_firehose",
      "each": "list",
      "provider": "provider.aws",
      "instances": []
    },
    {
      "module": "module.vpc",
      "mode": "data",
      "type": "aws_vpc_endpoint_service",
      "name": "kinesis_streams",
      "each": "list",
      "provider": "provider.aws",
      "instances": []
    },
    {
      "module": "module.vpc",
      "mode": "data",
      "type": "aws_vpc_endpoint_service",
      "name": "kms",
      "each": "list",
      "provider": "provider.aws",
      "instances": []
    },
    {
      "module": "module.vpc",
      "mode": "data",
      "type": "aws_vpc_endpoint_service",
      "name": "logs",
      "each": "list",
      "provider": "provider.aws",
      "instances": []
    },
    {
      "module": "module.vpc",
      "mode": "data",
      "type": "aws_vpc_endpoint_service",
      "name": "monitoring",
      "each": "list",
      "provider": "provider.aws",
      "instances": []
    },
    {
      "module": "module.vpc",
      "mode": "data",
      "type": "aws_vpc_endpoint_service",
      "name": "rekognition",
      "each": "list",
      "provider": "provider.aws",
      "instances": []
    },
    {
      "module": "module.vpc",
      "mode": "data",
      "type": "aws_vpc_endpoint_service",
      "name": "s3",
      "each": "list",
      "provider": "provider.aws",
      "instances": []
    },
    {
      "module": "module.vpc",
      "mode": "data",
      "type": "aws_vpc_endpoint_service",
      "name": "sagemaker_api",
      "each": "list",
      "provider": "provider.aws",
      "instances": []
    },
    {
      "module": "module.vpc",
      "mode": "data",
      "type": "aws_vpc_endpoint_service",
      "name": "sagemaker_notebook",
      "each": "list",
      "provider": "provider.aws",
      "instances": []
    },
    {
      "module": "module.vpc",
      "mode": "data",
      "type": "aws_vpc_endpoint_service",
      "name": "sagemaker_runtime",
      "each": "list",
      "provider": "provider.aws",
      "instances": []
    },
    {
      "module": "module.vpc",
      "mode": "data",
      "type": "aws_vpc_endpoint_service",
      "name": "secretsmanager",
      "each": "list",
      "provider": "provider.aws",
      "instances": []
    },
    {
      "module": "module.vpc",
      "mode": "data",
      "type": "aws_vpc_endpoint_service",
      "name": "servicecatalog",
      "each": "list",
      "provider": "provider.aws",
      "instances": []
    },
    {
      "module": "module.vpc",
      "mode": "data",
      "type": "aws_vpc_endpoint_service",
      "name": "sns",
      "each": "list",
      "provider": "provider.aws",
      "instances": []
    },
    {
      "module": "module.vpc",
      "mode": "data",
      "type": "aws_vpc_endpoint_service",
      "name": "sqs",
      "each": "list",
      "provider": "provider.aws",
      "instances": []
    },
    {
      "module": "module.vpc",
      "mode": "data",
      "type": "aws_vpc_endpoint_service",
      "name": "ssm",
      "each": "list",
      "provider": "provider.aws",
      "instances": []
    },
    {
      "module": "module.vpc",
      "mode": "data",
      "type": "aws_vpc_endpoint_service",
      "name": "ssmmessages",
      "each": "list",
      "provider": "provider.aws",
      "instances": []
    },
    {
      "module": "module.vpc",
      "mode": "data",
      "type": "aws_vpc_endpoint_service",
      "name": "storagegateway",
      "each": "list",
      "provider": "provider.aws",
      "instances": []
    },
    {
      "module": "module.vpc",
      "mode": "data",
      "type": "aws_vpc_endpoint_service",
      "name": "sts",
      "each": "list",
      "provider": "provider.aws",
      "instances": []
    },
    {
      "module": "module.vpc",
      "mode": "data",
      "type": "aws_vpc_endpoint_service",
      "name": "transfer",
      "each": "list",
      "provider": "provider.aws",
      "instances": []
    },
    {
      "module": "module.vpc",
      "mode": "data",
      "type": "aws_vpc_endpoint_service",
      "name": "transferserver",
      "each": "list",
      "provider": "provider.aws",
      "instances": []
    },
    {
      "mode": "managed",
      "type": "aws_db_instance",
      "name": "pgsql",
      "each": "list",
      "provider": "provider.aws",
      "instances": []
    },
    {
      "module": "module.vpc",
      "mode": "managed",
      "type": "aws_db_subnet_group",
      "name": "database",
      "each": "list",
      "provider": "provider.aws",
      "instances": []
    },
    {
      "mode": "managed",
      "type": "aws_db_subnet_group",
      "name": "db",
      "provider": "provider.aws",
      "instances": [
        {
          "schema_version": 0,
          "attributes": {
            "arn": "arn:aws:rds:us-east-1:227172279387:subgrp:sftp-swarmpit-db",
            "description": "Managed by Terraform",
            "id": "sftp-swarmpit-db",
            "name": "sftp-swarmpit-db",
            "name_prefix": null,
            "subnet_ids": [
              "subnet-0436a3d276450e932",
              "subnet-05989d68f687e58f8",
              "subnet-0dbae927ea3ccb7d3"
            ],
            "tags": null
          },
          "private": "bnVsbA==",
          "depends_on": [
            "module.vpc"
          ]
        }
      ]
    },
    {
      "module": "module.vpc",
      "mode": "managed",
      "type": "aws_default_network_acl",
      "name": "this",
      "each": "list",
      "provider": "provider.aws",
      "instances": []
    },
    {
      "module": "module.vpc",
      "mode": "managed",
      "type": "aws_default_vpc",
      "name": "this",
      "each": "list",
      "provider": "provider.aws",
      "instances": []
    },
    {
      "module": "module.vpc",
      "mode": "managed",
      "type": "aws_egress_only_internet_gateway",
      "name": "this",
      "each": "list",
      "provider": "provider.aws",
      "instances": []
    },
    {
      "module": "module.vpc",
      "mode": "managed",
      "type": "aws_eip",
      "name": "nat",
      "each": "list",
      "provider": "provider.aws",
      "instances": [
        {
          "index_key": 0,
          "schema_version": 0,
          "attributes": {
            "allocation_id": null,
            "associate_with_private_ip": null,
            "association_id": "",
            "domain": "vpc",
            "id": "eipalloc-019c9065c832484d9",
            "instance": "",
            "network_interface": "",
            "private_dns": null,
            "private_ip": "",
            "public_dns": "ec2-3-220-176-96.compute-1.amazonaws.com",
            "public_ip": "3.220.176.96",
            "public_ipv4_pool": "amazon",
            "tags": {
              "Name": "swarmpit-vpc-us-east-1a"
            },
            "timeouts": null,
            "vpc": true
          },
          "private": "eyJlMmJmYjczMC1lY2FhLTExZTYtOGY4OC0zNDM2M2JjN2M0YzAiOnsiZGVsZXRlIjoxODAwMDAwMDAwMDAsInJlYWQiOjkwMDAwMDAwMDAwMCwidXBkYXRlIjozMDAwMDAwMDAwMDB9fQ=="
        }
      ]
    },
    {
      "mode": "managed",
      "type": "aws_elasticache_cluster",
      "name": "redis",
      "each": "list",
      "provider": "provider.aws",
      "instances": []
    },
    {
      "module": "module.vpc",
      "mode": "managed",
      "type": "aws_elasticache_subnet_group",
      "name": "elasticache",
      "each": "list",
      "provider": "provider.aws",
      "instances": []
    },
    {
      "mode": "managed",
      "type": "aws_elasticache_subnet_group",
      "name": "redis-subnet-group",
      "provider": "provider.aws",
      "instances": [
        {
          "schema_version": 0,
          "attributes": {
            "description": "Managed by Terraform",
            "id": "cache-swarmpit-subnet",
            "name": "cache-swarmpit-subnet",
            "subnet_ids": [
              "subnet-04d672fd554b6eac5"
            ]
          },
          "private": "bnVsbA==",
          "depends_on": [
            "aws_subnet.redis-subnet"
          ]
        }
      ]
    },
    {
      "mode": "managed",
      "type": "aws_elb",
      "name": "lb",
      "provider": "provider.aws",
      "instances": [
        {
          "schema_version": 0,
          "attributes": {
            "access_logs": [],
            "arn": "arn:aws:elasticloadbalancing:us-east-1:227172279387:loadbalancer/lb-swarmpit",
            "availability_zones": [
              "us-east-1a",
              "us-east-1b",
              "us-east-1c"
            ],
            "connection_draining": true,
            "connection_draining_timeout": 400,
            "cross_zone_load_balancing": true,
            "dns_name": "lb-swarmpit-938002865.us-east-1.elb.amazonaws.com",
            "health_check": [
              {
                "healthy_threshold": 2,
                "interval": 30,
                "target": "HTTP:80/ping",
                "timeout": 3,
                "unhealthy_threshold": 2
              }
            ],
            "id": "lb-swarmpit",
            "idle_timeout": 400,
            "instances": [
              "i-09ad542135ff9654b",
              "i-0a739ebd0a7ddf9db",
              "i-0b7827b1cb9f6a3a8"
            ],
            "internal": false,
            "listener": [
              {
                "instance_port": 80,
                "instance_protocol": "http",
                "lb_port": 80,
                "lb_protocol": "http",
                "ssl_certificate_id": ""
              },
              {
                "instance_port": 80,
                "instance_protocol": "tcp",
                "lb_port": 443,
                "lb_protocol": "tcp",
                "ssl_certificate_id": ""
              }
            ],
            "name": "lb-swarmpit",
            "name_prefix": null,
            "security_groups": [
              "sg-018599baefa25a78c"
            ],
            "source_security_group": "227172279387/lb-swarmpit",
            "source_security_group_id": "sg-018599baefa25a78c",
            "subnets": [
              "subnet-061d4e0185a0a0405",
              "subnet-0711b5af2b61be783",
              "subnet-0e94603fe1839441c"
            ],
            "tags": null,
            "zone_id": "Z35SXDOTRQ7X7K"
          },
          "private": "bnVsbA==",
          "depends_on": [
            "aws_instance.cluster_node",
            "aws_security_group.lb",
            "module.vpc"
          ]
        }
      ]
    },
    {
      "mode": "managed",
      "type": "aws_instance",
      "name": "cluster_node",
      "each": "list",
      "provider": "provider.aws",
      "instances": [
        {
          "index_key": 0,
          "schema_version": 1,
          "attributes": {
            "ami": "ami-0d5ae5525eb033d0a",
            "arn": "arn:aws:ec2:us-east-1:227172279387:instance/i-09ad542135ff9654b",
            "associate_public_ip_address": false,
            "availability_zone": "us-east-1a",
            "cpu_core_count": 1,
            "cpu_threads_per_core": 1,
            "credit_specification": [
              {
                "cpu_credits": "standard"
              }
            ],
            "disable_api_termination": false,
            "ebs_block_device": [],
            "ebs_optimized": false,
            "ephemeral_block_device": [],
            "get_password_data": false,
            "host_id": null,
            "iam_instance_profile": "",
            "id": "i-09ad542135ff9654b",
            "instance_initiated_shutdown_behavior": null,
            "instance_state": "running",
            "instance_type": "t2.nano",
            "ipv6_address_count": 0,
            "ipv6_addresses": [],
            "key_name": "ZCKey-swarmpit",
            "monitoring": false,
            "network_interface": [],
            "network_interface_id": null,
            "password_data": "",
            "placement_group": "",
            "primary_network_interface_id": "eni-008d805b0a520b871",
            "private_dns": "ip-10-3-1-200.ec2.internal",
            "private_ip": "10.3.1.200",
            "public_dns": "",
            "public_ip": "",
            "root_block_device": [
              {
                "delete_on_termination": true,
                "encrypted": false,
                "iops": 100,
                "kms_key_id": "",
                "volume_id": "vol-064e6ae6dbd3be351",
                "volume_size": 8,
                "volume_type": "gp2"
              }
            ],
            "security_groups": [
              "sg-0f6c008a88f608c90"
            ],
            "source_dest_check": true,
            "subnet_id": "subnet-0dbae927ea3ccb7d3",
            "tags": null,
            "tenancy": "default",
            "timeouts": null,
            "user_data": null,
            "user_data_base64": null,
            "volume_tags": {},
            "vpc_security_group_ids": [
              "sg-0f6c008a88f608c90"
            ]
          },
          "private": "eyJlMmJmYjczMC1lY2FhLTExZTYtOGY4OC0zNDM2M2JjN2M0YzAiOnsiY3JlYXRlIjo2MDAwMDAwMDAwMDAsImRlbGV0ZSI6MTIwMDAwMDAwMDAwMCwidXBkYXRlIjo2MDAwMDAwMDAwMDB9LCJzY2hlbWFfdmVyc2lvbiI6IjEifQ==",
          "depends_on": [
            "aws_security_group.cluster",
            "data.aws_ami.ubuntu",
            "module.vpc"
          ]
        },
        {
          "index_key": 1,
          "schema_version": 1,
          "attributes": {
            "ami": "ami-0d5ae5525eb033d0a",
            "arn": "arn:aws:ec2:us-east-1:227172279387:instance/i-0b7827b1cb9f6a3a8",
            "associate_public_ip_address": false,
            "availability_zone": "us-east-1a",
            "cpu_core_count": 1,
            "cpu_threads_per_core": 1,
            "credit_specification": [
              {
                "cpu_credits": "standard"
              }
            ],
            "disable_api_termination": false,
            "ebs_block_device": [],
            "ebs_optimized": false,
            "ephemeral_block_device": [],
            "get_password_data": false,
            "host_id": null,
            "iam_instance_profile": "",
            "id": "i-0b7827b1cb9f6a3a8",
            "instance_initiated_shutdown_behavior": null,
            "instance_state": "running",
            "instance_type": "t2.nano",
            "ipv6_address_count": 0,
            "ipv6_addresses": [],
            "key_name": "ZCKey-swarmpit",
            "monitoring": false,
            "network_interface": [],
            "network_interface_id": null,
            "password_data": "",
            "placement_group": "",
            "primary_network_interface_id": "eni-0118512cb7d3a01ab",
            "private_dns": "ip-10-3-1-103.ec2.internal",
            "private_ip": "10.3.1.103",
            "public_dns": "",
            "public_ip": "",
            "root_block_device": [
              {
                "delete_on_termination": true,
                "encrypted": false,
                "iops": 100,
                "kms_key_id": "",
                "volume_id": "vol-079ac935e41ab74c1",
                "volume_size": 8,
                "volume_type": "gp2"
              }
            ],
            "security_groups": [
              "sg-0f6c008a88f608c90"
            ],
            "source_dest_check": true,
            "subnet_id": "subnet-0dbae927ea3ccb7d3",
            "tags": null,
            "tenancy": "default",
            "timeouts": null,
            "user_data": null,
            "user_data_base64": null,
            "volume_tags": {},
            "vpc_security_group_ids": [
              "sg-0f6c008a88f608c90"
            ]
          },
          "private": "eyJlMmJmYjczMC1lY2FhLTExZTYtOGY4OC0zNDM2M2JjN2M0YzAiOnsiY3JlYXRlIjo2MDAwMDAwMDAwMDAsImRlbGV0ZSI6MTIwMDAwMDAwMDAwMCwidXBkYXRlIjo2MDAwMDAwMDAwMDB9LCJzY2hlbWFfdmVyc2lvbiI6IjEifQ==",
          "depends_on": [
            "aws_security_group.cluster",
            "data.aws_ami.ubuntu",
            "module.vpc"
          ]
        },
        {
          "index_key": 2,
          "schema_version": 1,
          "attributes": {
            "ami": "ami-0d5ae5525eb033d0a",
            "arn": "arn:aws:ec2:us-east-1:227172279387:instance/i-0a739ebd0a7ddf9db",
            "associate_public_ip_address": false,
            "availability_zone": "us-east-1a",
            "cpu_core_count": 1,
            "cpu_threads_per_core": 1,
            "credit_specification": [
              {
                "cpu_credits": "standard"
              }
            ],
            "disable_api_termination": false,
            "ebs_block_device": [],
            "ebs_optimized": false,
            "ephemeral_block_device": [],
            "get_password_data": false,
            "host_id": null,
            "iam_instance_profile": "",
            "id": "i-0a739ebd0a7ddf9db",
            "instance_initiated_shutdown_behavior": null,
            "instance_state": "running",
            "instance_type": "t2.nano",
            "ipv6_address_count": 0,
            "ipv6_addresses": [],
            "key_name": "ZCKey-swarmpit",
            "monitoring": false,
            "network_interface": [],
            "network_interface_id": null,
            "password_data": "",
            "placement_group": "",
            "primary_network_interface_id": "eni-05cea2f5b466965e8",
            "private_dns": "ip-10-3-1-18.ec2.internal",
            "private_ip": "10.3.1.18",
            "public_dns": "",
            "public_ip": "",
            "root_block_device": [
              {
                "delete_on_termination": true,
                "encrypted": false,
                "iops": 100,
                "kms_key_id": "",
                "volume_id": "vol-05e89f1f12fa43e2f",
                "volume_size": 8,
                "volume_type": "gp2"
              }
            ],
            "security_groups": [
              "sg-0f6c008a88f608c90"
            ],
            "source_dest_check": true,
            "subnet_id": "subnet-0dbae927ea3ccb7d3",
            "tags": null,
            "tenancy": "default",
            "timeouts": null,
            "user_data": null,
            "user_data_base64": null,
            "volume_tags": {},
            "vpc_security_group_ids": [
              "sg-0f6c008a88f608c90"
            ]
          },
          "private": "eyJlMmJmYjczMC1lY2FhLTExZTYtOGY4OC0zNDM2M2JjN2M0YzAiOnsiY3JlYXRlIjo2MDAwMDAwMDAwMDAsImRlbGV0ZSI6MTIwMDAwMDAwMDAwMCwidXBkYXRlIjo2MDAwMDAwMDAwMDB9LCJzY2hlbWFfdmVyc2lvbiI6IjEifQ==",
          "depends_on": [
            "aws_security_group.cluster",
            "data.aws_ami.ubuntu",
            "module.vpc"
          ]
        }
      ]
    },
    {
      "mode": "managed",
      "type": "aws_instance",
      "name": "jumphost",
      "provider": "provider.aws",
      "instances": [
        {
          "schema_version": 1,
          "attributes": {
            "ami": "ami-0d5ae5525eb033d0a",
            "arn": "arn:aws:ec2:us-east-1:227172279387:instance/i-054ee1e03f28d4d20",
            "associate_public_ip_address": true,
            "availability_zone": "us-east-1a",
            "cpu_core_count": 1,
            "cpu_threads_per_core": 1,
            "credit_specification": [
              {
                "cpu_credits": "standard"
              }
            ],
            "disable_api_termination": false,
            "ebs_block_device": [],
            "ebs_optimized": false,
            "ephemeral_block_device": [],
            "get_password_data": false,
            "host_id": null,
            "iam_instance_profile": "",
            "id": "i-054ee1e03f28d4d20",
            "instance_initiated_shutdown_behavior": null,
            "instance_state": "running",
            "instance_type": "t2.micro",
            "ipv6_address_count": 0,
            "ipv6_addresses": [],
            "key_name": "ZCKey-swarmpit",
            "monitoring": false,
            "network_interface": [],
            "network_interface_id": null,
            "password_data": "",
            "placement_group": "",
            "primary_network_interface_id": "eni-0a9032df44b7308c1",
            "private_dns": "ip-10-3-4-76.ec2.internal",
            "private_ip": "10.3.4.76",
            "public_dns": "ec2-35-173-220-182.compute-1.amazonaws.com",
            "public_ip": "35.173.220.182",
            "root_block_device": [
              {
                "delete_on_termination": true,
                "encrypted": false,
                "iops": 100,
                "kms_key_id": "",
                "volume_id": "vol-07debfeb597600294",
                "volume_size": 8,
                "volume_type": "gp2"
              }
            ],
            "security_groups": [],
            "source_dest_check": true,
            "subnet_id": "subnet-0711b5af2b61be783",
            "tags": null,
            "tenancy": "default",
            "timeouts": null,
            "user_data": null,
            "user_data_base64": null,
            "volume_tags": {},
            "vpc_security_group_ids": [
              "sg-0092a0499cf573479"
            ]
          },
          "private": "eyJlMmJmYjczMC1lY2FhLTExZTYtOGY4OC0zNDM2M2JjN2M0YzAiOnsiY3JlYXRlIjo2MDAwMDAwMDAwMDAsImRlbGV0ZSI6MTIwMDAwMDAwMDAwMCwidXBkYXRlIjo2MDAwMDAwMDAwMDB9LCJzY2hlbWFfdmVyc2lvbiI6IjEifQ==",
          "depends_on": [
            "aws_security_group.jumphost",
            "data.aws_ami.ubuntu",
            "module.vpc"
          ]
        }
      ]
    },
    {
      "module": "module.vpc",
      "mode": "managed",
      "type": "aws_internet_gateway",
      "name": "this",
      "each": "list",
      "provider": "provider.aws",
      "instances": [
        {
          "index_key": 0,
          "schema_version": 0,
          "attributes": {
            "id": "igw-06f6f1aad010acbf6",
            "owner_id": "227172279387",
            "tags": {
              "Name": "swarmpit-vpc"
            },
            "vpc_id": "vpc-05243e0fcfe67f9c3"
          },
          "private": "bnVsbA=="
        }
      ]
    },
    {
      "mode": "managed",
      "type": "aws_key_pair",
      "name": "ssh_key",
      "provider": "provider.aws",
      "instances": [
        {
          "schema_version": 1,
          "attributes": {
            "fingerprint": "7c:0b:fc:80:8d:d1:0d:66:6b:eb:d3:21:1f:1f:68:64",
            "id": "ZCKey-swarmpit",
            "key_name": "ZCKey-swarmpit",
            "key_name_prefix": null,
            "public_key": "ssh-rsa AAAAB3NzaC1yc2EAAAADAQABAAACAQC2dlV+E5VKFbZ8EBh2OozAq4zGdeORUVDZyyy1DXHshcWfiYLl3l1HeBoxypGjBW9HUrF9JqKYKaFvhkrRpvYlZpQpO5Ckx5kEpguBXSlE9f4SaUroVU4tWXHAjDS6dbwdOTGAVOYBYVXgf5fXOabMMRlMMHypN6mX321L5MSAMQEZPuSUG3TU0tizwxwfuJrXk9wu6wXWeoqI7QeuCsKCr1xCFHa0GjLTsZT4GFcsk3G3nVqopPwrudb3Ll77IeF+EgudqfmVUYeqcJgjlOtewpVOOZqDxiJXI2DKL1fuVPCgtIAM4w4V+xziTAOSyPfB0xvAkGpQ1XuCDwkmFEyUvYmvmYZ6PklO1il4PIYkZTtBjZ/FrPv5XKzW+K7sZkwZSAml9VAuXYqqD0TEcz88hxbB3e6c1hDKwKnOnhg1Yj1F2mNfABulSPU5hrQrmbAU6OQOniDIDhDzsiDVIGkKsQluKKyjfxjvHPQ/L35pypF02pH7FDhxGj36H/Jzf6yAGNKQd7Nlemr5aipSrGZMIZS/EsX8/1Mo/rnKB1R3sH342WaLuby7e+N/2vQtu2jaxvC0yxQpa3kh+mSh5LpavwZNFnGqKGnV98HH8EWvasBq3Ru8Sas9rICaiTYHZwHF+MT8DWU7lbg6b2RHfljQKVSC7xWCXoCbA2bR6OFezw== zcool@zclaptop"
          },
          "private": "eyJzY2hlbWFfdmVyc2lvbiI6IjEifQ=="
        }
      ]
    },
    {
      "module": "module.vpc",
      "mode": "managed",
      "type": "aws_nat_gateway",
      "name": "this",
      "each": "list",
      "provider": "provider.aws",
      "instances": [
        {
          "index_key": 0,
          "schema_version": 0,
          "attributes": {
            "allocation_id": "eipalloc-019c9065c832484d9",
            "id": "nat-049df2bb6d89b971e",
            "network_interface_id": "eni-07479a0150b7fabdd",
            "private_ip": "10.3.4.96",
            "public_ip": "3.220.176.96",
            "subnet_id": "subnet-0711b5af2b61be783",
            "tags": {
              "Name": "swarmpit-vpc-us-east-1a"
            }
          },
          "private": "bnVsbA==",
          "depends_on": [
            "aws_internet_gateway.this",
            "aws_subnet.public"
          ]
        }
      ]
    },
    {
      "module": "module.vpc",
      "mode": "managed",
      "type": "aws_network_acl",
      "name": "database",
      "each": "list",
      "provider": "provider.aws",
      "instances": []
    },
    {
      "module": "module.vpc",
      "mode": "managed",
      "type": "aws_network_acl",
      "name": "elasticache",
      "each": "list",
      "provider": "provider.aws",
      "instances": []
    },
    {
      "module": "module.vpc",
      "mode": "managed",
      "type": "aws_network_acl",
      "name": "intra",
      "each": "list",
      "provider": "provider.aws",
      "instances": []
    },
    {
      "module": "module.vpc",
      "mode": "managed",
      "type": "aws_network_acl",
      "name": "private",
      "each": "list",
      "provider": "provider.aws",
      "instances": []
    },
    {
      "module": "module.vpc",
      "mode": "managed",
      "type": "aws_network_acl",
      "name": "public",
      "each": "list",
      "provider": "provider.aws",
      "instances": []
    },
    {
      "module": "module.vpc",
      "mode": "managed",
      "type": "aws_network_acl",
      "name": "redshift",
      "each": "list",
      "provider": "provider.aws",
      "instances": []
    },
    {
      "module": "module.vpc",
      "mode": "managed",
      "type": "aws_network_acl_rule",
      "name": "database_inbound",
      "each": "list",
      "provider": "provider.aws",
      "instances": []
    },
    {
      "module": "module.vpc",
      "mode": "managed",
      "type": "aws_network_acl_rule",
      "name": "database_outbound",
      "each": "list",
      "provider": "provider.aws",
      "instances": []
    },
    {
      "module": "module.vpc",
      "mode": "managed",
      "type": "aws_network_acl_rule",
      "name": "elasticache_inbound",
      "each": "list",
      "provider": "provider.aws",
      "instances": []
    },
    {
      "module": "module.vpc",
      "mode": "managed",
      "type": "aws_network_acl_rule",
      "name": "elasticache_outbound",
      "each": "list",
      "provider": "provider.aws",
      "instances": []
    },
    {
      "module": "module.vpc",
      "mode": "managed",
      "type": "aws_network_acl_rule",
      "name": "intra_inbound",
      "each": "list",
      "provider": "provider.aws",
      "instances": []
    },
    {
      "module": "module.vpc",
      "mode": "managed",
      "type": "aws_network_acl_rule",
      "name": "intra_outbound",
      "each": "list",
      "provider": "provider.aws",
      "instances": []
    },
    {
      "module": "module.vpc",
      "mode": "managed",
      "type": "aws_network_acl_rule",
      "name": "private_inbound",
      "each": "list",
      "provider": "provider.aws",
      "instances": []
    },
    {
      "module": "module.vpc",
      "mode": "managed",
      "type": "aws_network_acl_rule",
      "name": "private_outbound",
      "each": "list",
      "provider": "provider.aws",
      "instances": []
    },
    {
      "module": "module.vpc",
      "mode": "managed",
      "type": "aws_network_acl_rule",
      "name": "public_inbound",
      "each": "list",
      "provider": "provider.aws",
      "instances": []
    },
    {
      "module": "module.vpc",
      "mode": "managed",
      "type": "aws_network_acl_rule",
      "name": "public_outbound",
      "each": "list",
      "provider": "provider.aws",
      "instances": []
    },
    {
      "module": "module.vpc",
      "mode": "managed",
      "type": "aws_network_acl_rule",
      "name": "redshift_inbound",
      "each": "list",
      "provider": "provider.aws",
      "instances": []
    },
    {
      "module": "module.vpc",
      "mode": "managed",
      "type": "aws_network_acl_rule",
      "name": "redshift_outbound",
      "each": "list",
      "provider": "provider.aws",
      "instances": []
    },
    {
      "module": "module.vpc",
      "mode": "managed",
      "type": "aws_redshift_subnet_group",
      "name": "redshift",
      "each": "list",
      "provider": "provider.aws",
      "instances": []
    },
    {
      "module": "module.vpc",
      "mode": "managed",
      "type": "aws_route",
      "name": "database_internet_gateway",
      "each": "list",
      "provider": "provider.aws",
      "instances": []
    },
    {
      "module": "module.vpc",
      "mode": "managed",
      "type": "aws_route",
      "name": "database_ipv6_egress",
      "each": "list",
      "provider": "provider.aws",
      "instances": []
    },
    {
      "module": "module.vpc",
      "mode": "managed",
      "type": "aws_route",
      "name": "database_nat_gateway",
      "each": "list",
      "provider": "provider.aws",
      "instances": []
    },
    {
      "module": "module.vpc",
      "mode": "managed",
      "type": "aws_route",
      "name": "private_ipv6_egress",
      "each": "list",
      "provider": "provider.aws",
      "instances": []
    },
    {
      "module": "module.vpc",
      "mode": "managed",
      "type": "aws_route",
      "name": "private_nat_gateway",
      "each": "list",
      "provider": "provider.aws",
      "instances": [
        {
          "index_key": 0,
          "schema_version": 0,
          "attributes": {
            "destination_cidr_block": "0.0.0.0/0",
            "destination_ipv6_cidr_block": null,
            "destination_prefix_list_id": "",
            "egress_only_gateway_id": "",
            "gateway_id": "",
            "id": "r-rtb-046d7633b299ed5fd1080289494",
            "instance_id": "",
            "instance_owner_id": "",
            "nat_gateway_id": "nat-049df2bb6d89b971e",
            "network_interface_id": "",
            "origin": "CreateRoute",
            "route_table_id": "rtb-046d7633b299ed5fd",
            "state": "active",
            "timeouts": {
              "create": "5m",
              "delete": null
            },
            "transit_gateway_id": "",
            "vpc_peering_connection_id": ""
          },
          "private": "eyJlMmJmYjczMC1lY2FhLTExZTYtOGY4OC0zNDM2M2JjN2M0YzAiOnsiY3JlYXRlIjozMDAwMDAwMDAwMDAsImRlbGV0ZSI6MzAwMDAwMDAwMDAwfX0=",
          "depends_on": [
            "aws_nat_gateway.this",
            "aws_route_table.private"
          ]
        }
      ]
    },
    {
      "module": "module.vpc",
      "mode": "managed",
      "type": "aws_route",
      "name": "public_internet_gateway",
      "each": "list",
      "provider": "provider.aws",
      "instances": [
        {
          "index_key": 0,
          "schema_version": 0,
          "attributes": {
            "destination_cidr_block": "0.0.0.0/0",
            "destination_ipv6_cidr_block": null,
            "destination_prefix_list_id": "",
            "egress_only_gateway_id": "",
            "gateway_id": "igw-06f6f1aad010acbf6",
            "id": "r-rtb-05165af220881ce081080289494",
            "instance_id": "",
            "instance_owner_id": "",
            "nat_gateway_id": "",
            "network_interface_id": "",
            "origin": "CreateRoute",
            "route_table_id": "rtb-05165af220881ce08",
            "state": "active",
            "timeouts": {
              "create": "5m",
              "delete": null
            },
            "transit_gateway_id": "",
            "vpc_peering_connection_id": ""
          },
          "private": "eyJlMmJmYjczMC1lY2FhLTExZTYtOGY4OC0zNDM2M2JjN2M0YzAiOnsiY3JlYXRlIjozMDAwMDAwMDAwMDAsImRlbGV0ZSI6MzAwMDAwMDAwMDAwfX0=",
          "depends_on": [
            "aws_internet_gateway.this[0]",
            "aws_route_table.public[0]"
          ]
        }
      ]
    },
    {
      "module": "module.vpc",
      "mode": "managed",
      "type": "aws_route",
      "name": "public_internet_gateway_ipv6",
      "each": "list",
      "provider": "provider.aws",
      "instances": []
    },
    {
      "module": "module.vpc",
      "mode": "managed",
      "type": "aws_route_table",
      "name": "database",
      "each": "list",
      "provider": "provider.aws",
      "instances": []
    },
    {
      "module": "module.vpc",
      "mode": "managed",
      "type": "aws_route_table",
      "name": "elasticache",
      "each": "list",
      "provider": "provider.aws",
      "instances": []
    },
    {
      "module": "module.vpc",
      "mode": "managed",
      "type": "aws_route_table",
      "name": "intra",
      "each": "list",
      "provider": "provider.aws",
      "instances": []
    },
    {
      "module": "module.vpc",
      "mode": "managed",
      "type": "aws_route_table",
      "name": "private",
      "each": "list",
      "provider": "provider.aws",
      "instances": [
        {
          "index_key": 0,
          "schema_version": 0,
          "attributes": {
            "id": "rtb-046d7633b299ed5fd",
            "owner_id": "227172279387",
            "propagating_vgws": [],
            "route": [],
            "tags": {
              "Name": "swarmpit-vpc-private"
            },
            "vpc_id": "vpc-05243e0fcfe67f9c3"
          },
          "private": "bnVsbA=="
        }
      ]
    },
    {
      "module": "module.vpc",
      "mode": "managed",
      "type": "aws_route_table",
      "name": "public",
      "each": "list",
      "provider": "provider.aws",
      "instances": [
        {
          "index_key": 0,
          "schema_version": 0,
          "attributes": {
            "id": "rtb-05165af220881ce08",
            "owner_id": "227172279387",
            "propagating_vgws": [],
            "route": [],
            "tags": {
              "Name": "swarmpit-vpc-public"
            },
            "vpc_id": "vpc-05243e0fcfe67f9c3"
          },
          "private": "bnVsbA=="
        }
      ]
    },
    {
      "module": "module.vpc",
      "mode": "managed",
      "type": "aws_route_table",
      "name": "redshift",
      "each": "list",
      "provider": "provider.aws",
      "instances": []
    },
    {
      "module": "module.vpc",
      "mode": "managed",
      "type": "aws_route_table_association",
      "name": "database",
      "each": "list",
      "provider": "provider.aws",
      "instances": []
    },
    {
      "module": "module.vpc",
      "mode": "managed",
      "type": "aws_route_table_association",
      "name": "elasticache",
      "each": "list",
      "provider": "provider.aws",
      "instances": []
    },
    {
      "module": "module.vpc",
      "mode": "managed",
      "type": "aws_route_table_association",
      "name": "intra",
      "each": "list",
      "provider": "provider.aws",
      "instances": []
    },
    {
      "module": "module.vpc",
      "mode": "managed",
      "type": "aws_route_table_association",
      "name": "private",
      "each": "list",
      "provider": "provider.aws",
      "instances": [
        {
          "index_key": 0,
          "schema_version": 0,
          "attributes": {
            "id": "rtbassoc-057ca8a241f48bce5",
            "route_table_id": "rtb-046d7633b299ed5fd",
            "subnet_id": "subnet-0dbae927ea3ccb7d3"
          },
          "private": "bnVsbA==",
          "depends_on": [
            "aws_route_table.private",
            "aws_subnet.private"
          ]
        },
        {
          "index_key": 1,
          "schema_version": 0,
          "attributes": {
            "id": "rtbassoc-066475cdecbd956e5",
            "route_table_id": "rtb-046d7633b299ed5fd",
            "subnet_id": "subnet-0436a3d276450e932"
          },
          "private": "bnVsbA==",
          "depends_on": [
            "aws_route_table.private",
            "aws_subnet.private"
          ]
        },
        {
          "index_key": 2,
          "schema_version": 0,
          "attributes": {
            "id": "rtbassoc-0d5356464f9c83065",
            "route_table_id": "rtb-046d7633b299ed5fd",
            "subnet_id": "subnet-05989d68f687e58f8"
          },
          "private": "bnVsbA==",
          "depends_on": [
            "aws_route_table.private",
            "aws_subnet.private"
          ]
        }
      ]
    },
    {
      "module": "module.vpc",
      "mode": "managed",
      "type": "aws_route_table_association",
      "name": "public",
      "each": "list",
      "provider": "provider.aws",
      "instances": [
        {
          "index_key": 0,
          "schema_version": 0,
          "attributes": {
            "id": "rtbassoc-053dab97fcfc0fa2a",
            "route_table_id": "rtb-05165af220881ce08",
            "subnet_id": "subnet-0711b5af2b61be783"
          },
          "private": "bnVsbA==",
          "depends_on": [
            "aws_route_table.public[0]",
            "aws_subnet.public"
          ]
        },
        {
          "index_key": 1,
          "schema_version": 0,
          "attributes": {
            "id": "rtbassoc-0a97b3795e2b159ed",
            "route_table_id": "rtb-05165af220881ce08",
            "subnet_id": "subnet-061d4e0185a0a0405"
          },
          "private": "bnVsbA==",
          "depends_on": [
            "aws_route_table.public[0]",
            "aws_subnet.public"
          ]
        },
        {
          "index_key": 2,
          "schema_version": 0,
          "attributes": {
            "id": "rtbassoc-04931f07958fc6523",
            "route_table_id": "rtb-05165af220881ce08",
            "subnet_id": "subnet-0e94603fe1839441c"
          },
          "private": "bnVsbA==",
          "depends_on": [
            "aws_route_table.public[0]",
            "aws_subnet.public"
          ]
        }
      ]
    },
    {
      "module": "module.vpc",
      "mode": "managed",
      "type": "aws_route_table_association",
      "name": "redshift",
      "each": "list",
      "provider": "provider.aws",
      "instances": []
    },
    {
      "module": "module.vpc",
      "mode": "managed",
      "type": "aws_route_table_association",
      "name": "redshift_public",
      "each": "list",
      "provider": "provider.aws",
      "instances": []
    },
    {
      "mode": "managed",
      "type": "aws_s3_bucket",
      "name": "videos-storage",
      "provider": "provider.aws",
      "instances": [
        {
          "schema_version": 0,
          "attributes": {
            "acceleration_status": "",
            "acl": "private",
            "arn": "arn:aws:s3:::swarmpit-bajanda",
            "bucket": "swarmpit-bajanda",
            "bucket_domain_name": "swarmpit-bajanda.s3.amazonaws.com",
            "bucket_prefix": null,
            "bucket_regional_domain_name": "swarmpit-bajanda.s3.amazonaws.com",
            "cors_rule": [],
            "force_destroy": false,
            "hosted_zone_id": "Z3AQBSTGFYJSTF",
            "id": "swarmpit-bajanda",
            "lifecycle_rule": [],
            "logging": [],
            "object_lock_configuration": [],
            "policy": null,
            "region": "us-east-1",
            "replication_configuration": [],
            "request_payer": "BucketOwner",
            "server_side_encryption_configuration": [],
            "tags": null,
            "versioning": [
              {
                "enabled": false,
                "mfa_delete": false
              }
            ],
            "website": [],
            "website_domain": null,
            "website_endpoint": null
          },
          "private": "bnVsbA=="
        }
      ]
    },
    {
      "mode": "managed",
      "type": "aws_security_group",
      "name": "cluster",
      "provider": "provider.aws",
      "instances": [
        {
          "schema_version": 1,
          "attributes": {
            "arn": "arn:aws:ec2:us-east-1:227172279387:security-group/sg-0f6c008a88f608c90",
            "description": "Cluster security group",
            "egress": [
              {
                "cidr_blocks": [
                  "0.0.0.0/0"
                ],
                "description": "",
                "from_port": 0,
                "ipv6_cidr_blocks": [],
                "prefix_list_ids": [],
                "protocol": "-1",
                "security_groups": [],
                "self": false,
                "to_port": 0
              }
            ],
            "id": "sg-0f6c008a88f608c90",
            "ingress": [
              {
                "cidr_blocks": [
                  "0.0.0.0/0"
                ],
                "description": "",
                "from_port": 0,
                "ipv6_cidr_blocks": [],
                "prefix_list_ids": [],
                "protocol": "-1",
                "security_groups": [],
                "self": false,
                "to_port": 0
              }
            ],
            "name": "cluster-swarmpit",
            "name_prefix": null,
            "owner_id": "227172279387",
            "revoke_rules_on_delete": false,
            "tags": null,
            "timeouts": null,
            "vpc_id": "vpc-05243e0fcfe67f9c3"
          },
          "private": "eyJlMmJmYjczMC1lY2FhLTExZTYtOGY4OC0zNDM2M2JjN2M0YzAiOnsiY3JlYXRlIjo2MDAwMDAwMDAwMDAsImRlbGV0ZSI6NjAwMDAwMDAwMDAwfSwic2NoZW1hX3ZlcnNpb24iOiIxIn0=",
          "depends_on": [
            "module.vpc"
          ]
        }
      ]
    },
    {
      "mode": "managed",
      "type": "aws_security_group",
      "name": "db",
      "provider": "provider.aws",
      "instances": [
        {
          "schema_version": 1,
          "attributes": {
            "arn": "arn:aws:ec2:us-east-1:227172279387:security-group/sg-0e54dc51be7a97184",
            "description": "DB security group",
            "egress": [
              {
                "cidr_blocks": [
                  "0.0.0.0/0"
                ],
                "description": "",
                "from_port": 0,
                "ipv6_cidr_blocks": [],
                "prefix_list_ids": [],
                "protocol": "-1",
                "security_groups": [],
                "self": false,
                "to_port": 0
              }
            ],
            "id": "sg-0e54dc51be7a97184",
            "ingress": [
              {
                "cidr_blocks": [
                  "10.3.1.0/24",
                  "10.3.2.0/24",
                  "10.3.3.0/24",
                  "10.3.4.0/24",
                  "10.3.5.0/24",
                  "10.3.6.0/24"
                ],
                "description": "",
                "from_port": 5432,
                "ipv6_cidr_blocks": [],
                "prefix_list_ids": [],
                "protocol": "tcp",
                "security_groups": [],
                "self": false,
                "to_port": 5432
              }
            ],
            "name": "sftp-swarmpit-db",
            "name_prefix": null,
            "owner_id": "227172279387",
            "revoke_rules_on_delete": false,
            "tags": null,
            "timeouts": null,
            "vpc_id": "vpc-05243e0fcfe67f9c3"
          },
          "private": "eyJlMmJmYjczMC1lY2FhLTExZTYtOGY4OC0zNDM2M2JjN2M0YzAiOnsiY3JlYXRlIjo2MDAwMDAwMDAwMDAsImRlbGV0ZSI6NjAwMDAwMDAwMDAwfSwic2NoZW1hX3ZlcnNpb24iOiIxIn0=",
          "depends_on": [
            "module.vpc"
          ]
        }
      ]
    },
    {
      "mode": "managed",
      "type": "aws_security_group",
      "name": "jumphost",
      "provider": "provider.aws",
      "instances": [
        {
          "schema_version": 1,
          "attributes": {
            "arn": "arn:aws:ec2:us-east-1:227172279387:security-group/sg-0092a0499cf573479",
            "description": "Jumphost security group",
            "egress": [
              {
                "cidr_blocks": [
                  "0.0.0.0/0"
                ],
                "description": "",
                "from_port": 0,
                "ipv6_cidr_blocks": [],
                "prefix_list_ids": [],
                "protocol": "-1",
                "security_groups": [],
                "self": false,
                "to_port": 0
              }
            ],
            "id": "sg-0092a0499cf573479",
            "ingress": [
              {
                "cidr_blocks": [
                  "0.0.0.0/0"
                ],
                "description": "",
                "from_port": 22,
                "ipv6_cidr_blocks": [],
                "prefix_list_ids": [],
                "protocol": "tcp",
                "security_groups": [],
                "self": false,
                "to_port": 22
              }
            ],
            "name": "cluster-swarmpit-jumphost",
            "name_prefix": null,
            "owner_id": "227172279387",
            "revoke_rules_on_delete": false,
            "tags": null,
            "timeouts": null,
            "vpc_id": "vpc-05243e0fcfe67f9c3"
          },
          "private": "eyJlMmJmYjczMC1lY2FhLTExZTYtOGY4OC0zNDM2M2JjN2M0YzAiOnsiY3JlYXRlIjo2MDAwMDAwMDAwMDAsImRlbGV0ZSI6NjAwMDAwMDAwMDAwfSwic2NoZW1hX3ZlcnNpb24iOiIxIn0=",
          "depends_on": [
            "module.vpc"
          ]
        }
      ]
    },
    {
      "mode": "managed",
      "type": "aws_security_group",
      "name": "lb",
      "provider": "provider.aws",
      "instances": [
        {
          "schema_version": 1,
          "attributes": {
            "arn": "arn:aws:ec2:us-east-1:227172279387:security-group/sg-018599baefa25a78c",
            "description": "Cluster security group",
            "egress": [
              {
                "cidr_blocks": [
                  "0.0.0.0/0"
                ],
                "description": "",
                "from_port": 0,
                "ipv6_cidr_blocks": [],
                "prefix_list_ids": [],
                "protocol": "-1",
                "security_groups": [],
                "self": false,
                "to_port": 0
              }
            ],
            "id": "sg-018599baefa25a78c",
            "ingress": [
              {
                "cidr_blocks": [
                  "0.0.0.0/0"
                ],
                "description": "",
                "from_port": 0,
                "ipv6_cidr_blocks": [],
                "prefix_list_ids": [],
                "protocol": "-1",
                "security_groups": [],
                "self": false,
                "to_port": 0
              }
            ],
            "name": "lb-swarmpit",
            "name_prefix": null,
            "owner_id": "227172279387",
            "revoke_rules_on_delete": false,
            "tags": null,
            "timeouts": null,
            "vpc_id": "vpc-05243e0fcfe67f9c3"
          },
          "private": "eyJlMmJmYjczMC1lY2FhLTExZTYtOGY4OC0zNDM2M2JjN2M0YzAiOnsiY3JlYXRlIjo2MDAwMDAwMDAwMDAsImRlbGV0ZSI6NjAwMDAwMDAwMDAwfSwic2NoZW1hX3ZlcnNpb24iOiIxIn0=",
          "depends_on": [
            "module.vpc"
          ]
        }
      ]
    },
    {
      "mode": "managed",
      "type": "aws_security_group",
      "name": "redis",
      "provider": "provider.aws",
      "instances": [
        {
          "schema_version": 1,
          "attributes": {
            "arn": "arn:aws:ec2:us-east-1:227172279387:security-group/sg-099f6339e641d5c3a",
            "description": "DB security group",
            "egress": [
              {
                "cidr_blocks": [
                  "0.0.0.0/0"
                ],
                "description": "",
                "from_port": 0,
                "ipv6_cidr_blocks": [],
                "prefix_list_ids": [],
                "protocol": "-1",
                "security_groups": [],
                "self": false,
                "to_port": 0
              }
            ],
            "id": "sg-099f6339e641d5c3a",
            "ingress": [
              {
                "cidr_blocks": [
                  "10.3.1.0/24",
                  "10.3.2.0/24",
                  "10.3.3.0/24",
                  "10.3.4.0/24",
                  "10.3.5.0/24",
                  "10.3.6.0/24"
                ],
                "description": "",
                "from_port": 6379,
                "ipv6_cidr_blocks": [],
                "prefix_list_ids": [],
                "protocol": "tcp",
                "security_groups": [],
                "self": false,
                "to_port": 6379
              }
            ],
            "name": "sftp-swarmpit-redis",
            "name_prefix": null,
            "owner_id": "227172279387",
            "revoke_rules_on_delete": false,
            "tags": null,
            "timeouts": null,
            "vpc_id": "vpc-05243e0fcfe67f9c3"
          },
          "private": "eyJlMmJmYjczMC1lY2FhLTExZTYtOGY4OC0zNDM2M2JjN2M0YzAiOnsiY3JlYXRlIjo2MDAwMDAwMDAwMDAsImRlbGV0ZSI6NjAwMDAwMDAwMDAwfSwic2NoZW1hX3ZlcnNpb24iOiIxIn0=",
          "depends_on": [
            "module.vpc"
          ]
        }
      ]
    },
    {
      "module": "module.vpc",
      "mode": "managed",
      "type": "aws_subnet",
      "name": "database",
      "each": "list",
      "provider": "provider.aws",
      "instances": []
    },
    {
      "module": "module.vpc",
      "mode": "managed",
      "type": "aws_subnet",
      "name": "elasticache",
      "each": "list",
      "provider": "provider.aws",
      "instances": []
    },
    {
      "module": "module.vpc",
      "mode": "managed",
      "type": "aws_subnet",
      "name": "intra",
      "each": "list",
      "provider": "provider.aws",
      "instances": []
    },
    {
      "module": "module.vpc",
      "mode": "managed",
      "type": "aws_subnet",
      "name": "private",
      "each": "list",
      "provider": "provider.aws",
      "instances": [
        {
          "index_key": 0,
          "schema_version": 1,
          "attributes": {
            "arn": "arn:aws:ec2:us-east-1:227172279387:subnet/subnet-0dbae927ea3ccb7d3",
            "assign_ipv6_address_on_creation": false,
            "availability_zone": "us-east-1a",
            "availability_zone_id": "use1-az2",
            "cidr_block": "10.3.1.0/24",
            "id": "subnet-0dbae927ea3ccb7d3",
            "ipv6_cidr_block": "",
            "ipv6_cidr_block_association_id": "",
            "map_public_ip_on_launch": false,
            "owner_id": "227172279387",
            "tags": {
              "Name": "swarmpit-vpc-private-us-east-1a"
            },
            "timeouts": null,
            "vpc_id": "vpc-05243e0fcfe67f9c3"
          },
          "private": "eyJlMmJmYjczMC1lY2FhLTExZTYtOGY4OC0zNDM2M2JjN2M0YzAiOnsiY3JlYXRlIjo2MDAwMDAwMDAwMDAsImRlbGV0ZSI6MTIwMDAwMDAwMDAwMH0sInNjaGVtYV92ZXJzaW9uIjoiMSJ9",
          "depends_on": [
            "aws_vpc.this[0]"
          ]
        },
        {
          "index_key": 1,
          "schema_version": 1,
          "attributes": {
            "arn": "arn:aws:ec2:us-east-1:227172279387:subnet/subnet-0436a3d276450e932",
            "assign_ipv6_address_on_creation": false,
            "availability_zone": "us-east-1b",
            "availability_zone_id": "use1-az4",
            "cidr_block": "10.3.2.0/24",
            "id": "subnet-0436a3d276450e932",
            "ipv6_cidr_block": "",
            "ipv6_cidr_block_association_id": "",
            "map_public_ip_on_launch": false,
            "owner_id": "227172279387",
            "tags": {
              "Name": "swarmpit-vpc-private-us-east-1b"
            },
            "timeouts": null,
            "vpc_id": "vpc-05243e0fcfe67f9c3"
          },
          "private": "eyJlMmJmYjczMC1lY2FhLTExZTYtOGY4OC0zNDM2M2JjN2M0YzAiOnsiY3JlYXRlIjo2MDAwMDAwMDAwMDAsImRlbGV0ZSI6MTIwMDAwMDAwMDAwMH0sInNjaGVtYV92ZXJzaW9uIjoiMSJ9",
          "depends_on": [
            "aws_vpc.this[0]"
          ]
        },
        {
          "index_key": 2,
          "schema_version": 1,
          "attributes": {
            "arn": "arn:aws:ec2:us-east-1:227172279387:subnet/subnet-05989d68f687e58f8",
            "assign_ipv6_address_on_creation": false,
            "availability_zone": "us-east-1c",
            "availability_zone_id": "use1-az6",
            "cidr_block": "10.3.3.0/24",
            "id": "subnet-05989d68f687e58f8",
            "ipv6_cidr_block": "",
            "ipv6_cidr_block_association_id": "",
            "map_public_ip_on_launch": false,
            "owner_id": "227172279387",
            "tags": {
              "Name": "swarmpit-vpc-private-us-east-1c"
            },
            "timeouts": null,
            "vpc_id": "vpc-05243e0fcfe67f9c3"
          },
          "private": "eyJlMmJmYjczMC1lY2FhLTExZTYtOGY4OC0zNDM2M2JjN2M0YzAiOnsiY3JlYXRlIjo2MDAwMDAwMDAwMDAsImRlbGV0ZSI6MTIwMDAwMDAwMDAwMH0sInNjaGVtYV92ZXJzaW9uIjoiMSJ9",
          "depends_on": [
            "aws_vpc.this[0]"
          ]
        }
      ]
    },
    {
      "module": "module.vpc",
      "mode": "managed",
      "type": "aws_subnet",
      "name": "public",
      "each": "list",
      "provider": "provider.aws",
      "instances": [
        {
          "index_key": 0,
          "schema_version": 1,
          "attributes": {
            "arn": "arn:aws:ec2:us-east-1:227172279387:subnet/subnet-0711b5af2b61be783",
            "assign_ipv6_address_on_creation": false,
            "availability_zone": "us-east-1a",
            "availability_zone_id": "use1-az2",
            "cidr_block": "10.3.4.0/24",
            "id": "subnet-0711b5af2b61be783",
            "ipv6_cidr_block": "",
            "ipv6_cidr_block_association_id": "",
            "map_public_ip_on_launch": true,
            "owner_id": "227172279387",
            "tags": {
              "Name": "swarmpit-vpc-public-us-east-1a"
            },
            "timeouts": null,
            "vpc_id": "vpc-05243e0fcfe67f9c3"
          },
          "private": "eyJlMmJmYjczMC1lY2FhLTExZTYtOGY4OC0zNDM2M2JjN2M0YzAiOnsiY3JlYXRlIjo2MDAwMDAwMDAwMDAsImRlbGV0ZSI6MTIwMDAwMDAwMDAwMH0sInNjaGVtYV92ZXJzaW9uIjoiMSJ9",
          "depends_on": [
            "aws_vpc.this[0]"
          ]
        },
        {
          "index_key": 1,
          "schema_version": 1,
          "attributes": {
            "arn": "arn:aws:ec2:us-east-1:227172279387:subnet/subnet-061d4e0185a0a0405",
            "assign_ipv6_address_on_creation": false,
            "availability_zone": "us-east-1b",
            "availability_zone_id": "use1-az4",
            "cidr_block": "10.3.5.0/24",
            "id": "subnet-061d4e0185a0a0405",
            "ipv6_cidr_block": "",
            "ipv6_cidr_block_association_id": "",
            "map_public_ip_on_launch": true,
            "owner_id": "227172279387",
            "tags": {
              "Name": "swarmpit-vpc-public-us-east-1b"
            },
            "timeouts": null,
            "vpc_id": "vpc-05243e0fcfe67f9c3"
          },
          "private": "eyJlMmJmYjczMC1lY2FhLTExZTYtOGY4OC0zNDM2M2JjN2M0YzAiOnsiY3JlYXRlIjo2MDAwMDAwMDAwMDAsImRlbGV0ZSI6MTIwMDAwMDAwMDAwMH0sInNjaGVtYV92ZXJzaW9uIjoiMSJ9",
          "depends_on": [
            "aws_vpc.this[0]"
          ]
        },
        {
          "index_key": 2,
          "schema_version": 1,
          "attributes": {
            "arn": "arn:aws:ec2:us-east-1:227172279387:subnet/subnet-0e94603fe1839441c",
            "assign_ipv6_address_on_creation": false,
            "availability_zone": "us-east-1c",
            "availability_zone_id": "use1-az6",
            "cidr_block": "10.3.6.0/24",
            "id": "subnet-0e94603fe1839441c",
            "ipv6_cidr_block": "",
            "ipv6_cidr_block_association_id": "",
            "map_public_ip_on_launch": true,
            "owner_id": "227172279387",
            "tags": {
              "Name": "swarmpit-vpc-public-us-east-1c"
            },
            "timeouts": null,
            "vpc_id": "vpc-05243e0fcfe67f9c3"
          },
          "private": "eyJlMmJmYjczMC1lY2FhLTExZTYtOGY4OC0zNDM2M2JjN2M0YzAiOnsiY3JlYXRlIjo2MDAwMDAwMDAwMDAsImRlbGV0ZSI6MTIwMDAwMDAwMDAwMH0sInNjaGVtYV92ZXJzaW9uIjoiMSJ9",
          "depends_on": [
            "aws_vpc.this[0]"
          ]
        }
      ]
    },
    {
      "mode": "managed",
      "type": "aws_subnet",
      "name": "redis-subnet",
      "provider": "provider.aws",
      "instances": [
        {
          "schema_version": 1,
          "attributes": {
            "arn": "arn:aws:ec2:us-east-1:227172279387:subnet/subnet-04d672fd554b6eac5",
            "assign_ipv6_address_on_creation": false,
            "availability_zone": "us-east-1e",
            "availability_zone_id": "use1-az3",
            "cidr_block": "10.3.7.0/24",
            "id": "subnet-04d672fd554b6eac5",
            "ipv6_cidr_block": "",
            "ipv6_cidr_block_association_id": "",
            "map_public_ip_on_launch": false,
            "owner_id": "227172279387",
            "tags": null,
            "timeouts": null,
            "vpc_id": "vpc-05243e0fcfe67f9c3"
          },
          "private": "eyJlMmJmYjczMC1lY2FhLTExZTYtOGY4OC0zNDM2M2JjN2M0YzAiOnsiY3JlYXRlIjo2MDAwMDAwMDAwMDAsImRlbGV0ZSI6MTIwMDAwMDAwMDAwMH0sInNjaGVtYV92ZXJzaW9uIjoiMSJ9",
          "depends_on": [
            "module.vpc"
          ]
        }
      ]
    },
    {
      "module": "module.vpc",
      "mode": "managed",
      "type": "aws_subnet",
      "name": "redshift",
      "each": "list",
      "provider": "provider.aws",
      "instances": []
    },
    {
      "module": "module.vpc",
      "mode": "managed",
      "type": "aws_vpc",
      "name": "this",
      "each": "list",
      "provider": "provider.aws",
      "instances": [
        {
          "index_key": 0,
          "schema_version": 1,
          "attributes": {
            "arn": "arn:aws:ec2:us-east-1:227172279387:vpc/vpc-05243e0fcfe67f9c3",
            "assign_generated_ipv6_cidr_block": false,
            "cidr_block": "10.3.0.0/16",
            "default_network_acl_id": "acl-0fc68c3860f4bb74b",
            "default_route_table_id": "rtb-00685a4a7e81006f4",
            "default_security_group_id": "sg-00958da616c5eda43",
            "dhcp_options_id": "dopt-3cad5946",
            "enable_classiclink": false,
            "enable_classiclink_dns_support": false,
            "enable_dns_hostnames": true,
            "enable_dns_support": true,
            "id": "vpc-05243e0fcfe67f9c3",
            "instance_tenancy": "default",
            "ipv6_association_id": "",
            "ipv6_cidr_block": "",
            "main_route_table_id": "rtb-00685a4a7e81006f4",
            "owner_id": "227172279387",
            "tags": {
              "Name": "swarmpit-vpc"
            }
          },
          "private": "eyJzY2hlbWFfdmVyc2lvbiI6IjEifQ=="
        }
      ]
    },
    {
      "module": "module.vpc",
      "mode": "managed",
      "type": "aws_vpc_dhcp_options",
      "name": "this",
      "each": "list",
      "provider": "provider.aws",
      "instances": []
    },
    {
      "module": "module.vpc",
      "mode": "managed",
      "type": "aws_vpc_dhcp_options_association",
      "name": "this",
      "each": "list",
      "provider": "provider.aws",
      "instances": []
    },
    {
      "module": "module.vpc",
      "mode": "managed",
      "type": "aws_vpc_endpoint",
      "name": "apigw",
      "each": "list",
      "provider": "provider.aws",
      "instances": []
    },
    {
      "module": "module.vpc",
      "mode": "managed",
      "type": "aws_vpc_endpoint",
      "name": "appmesh_envoy_management",
      "each": "list",
      "provider": "provider.aws",
      "instances": []
    },
    {
      "module": "module.vpc",
      "mode": "managed",
      "type": "aws_vpc_endpoint",
      "name": "appstream",
      "each": "list",
      "provider": "provider.aws",
      "instances": []
    },
    {
      "module": "module.vpc",
      "mode": "managed",
      "type": "aws_vpc_endpoint",
      "name": "athena",
      "each": "list",
      "provider": "provider.aws",
      "instances": []
    },
    {
      "module": "module.vpc",
      "mode": "managed",
      "type": "aws_vpc_endpoint",
      "name": "cloudformation",
      "each": "list",
      "provider": "provider.aws",
      "instances": []
    },
    {
      "module": "module.vpc",
      "mode": "managed",
      "type": "aws_vpc_endpoint",
      "name": "cloudtrail",
      "each": "list",
      "provider": "provider.aws",
      "instances": []
    },
    {
      "module": "module.vpc",
      "mode": "managed",
      "type": "aws_vpc_endpoint",
      "name": "codebuild",
      "each": "list",
      "provider": "provider.aws",
      "instances": []
    },
    {
      "module": "module.vpc",
      "mode": "managed",
      "type": "aws_vpc_endpoint",
      "name": "codecommit",
      "each": "list",
      "provider": "provider.aws",
      "instances": []
    },
    {
      "module": "module.vpc",
      "mode": "managed",
      "type": "aws_vpc_endpoint",
      "name": "codepipeline",
      "each": "list",
      "provider": "provider.aws",
      "instances": []
    },
    {
      "module": "module.vpc",
      "mode": "managed",
      "type": "aws_vpc_endpoint",
      "name": "config",
      "each": "list",
      "provider": "provider.aws",
      "instances": []
    },
    {
      "module": "module.vpc",
      "mode": "managed",
      "type": "aws_vpc_endpoint",
      "name": "dynamodb",
      "each": "list",
      "provider": "provider.aws",
      "instances": []
    },
    {
      "module": "module.vpc",
      "mode": "managed",
      "type": "aws_vpc_endpoint",
      "name": "ec2",
      "each": "list",
      "provider": "provider.aws",
      "instances": []
    },
    {
      "module": "module.vpc",
      "mode": "managed",
      "type": "aws_vpc_endpoint",
      "name": "ec2messages",
      "each": "list",
      "provider": "provider.aws",
      "instances": []
    },
    {
      "module": "module.vpc",
      "mode": "managed",
      "type": "aws_vpc_endpoint",
      "name": "ecr_api",
      "each": "list",
      "provider": "provider.aws",
      "instances": []
    },
    {
      "module": "module.vpc",
      "mode": "managed",
      "type": "aws_vpc_endpoint",
      "name": "ecr_dkr",
      "each": "list",
      "provider": "provider.aws",
      "instances": []
    },
    {
      "module": "module.vpc",
      "mode": "managed",
      "type": "aws_vpc_endpoint",
      "name": "ecs",
      "each": "list",
      "provider": "provider.aws",
      "instances": []
    },
    {
      "module": "module.vpc",
      "mode": "managed",
      "type": "aws_vpc_endpoint",
      "name": "ecs_agent",
      "each": "list",
      "provider": "provider.aws",
      "instances": []
    },
    {
      "module": "module.vpc",
      "mode": "managed",
      "type": "aws_vpc_endpoint",
      "name": "ecs_telemetry",
      "each": "list",
      "provider": "provider.aws",
      "instances": []
    },
    {
      "module": "module.vpc",
      "mode": "managed",
      "type": "aws_vpc_endpoint",
      "name": "elasticloadbalancing",
      "each": "list",
      "provider": "provider.aws",
      "instances": []
    },
    {
      "module": "module.vpc",
      "mode": "managed",
      "type": "aws_vpc_endpoint",
      "name": "events",
      "each": "list",
      "provider": "provider.aws",
      "instances": []
    },
    {
      "module": "module.vpc",
      "mode": "managed",
      "type": "aws_vpc_endpoint",
      "name": "git_codecommit",
      "each": "list",
      "provider": "provider.aws",
      "instances": []
    },
    {
      "module": "module.vpc",
      "mode": "managed",
      "type": "aws_vpc_endpoint",
      "name": "glue",
      "each": "list",
      "provider": "provider.aws",
      "instances": []
    },
    {
      "module": "module.vpc",
      "mode": "managed",
      "type": "aws_vpc_endpoint",
      "name": "kinesis_firehose",
      "each": "list",
      "provider": "provider.aws",
      "instances": []
    },
    {
      "module": "module.vpc",
      "mode": "managed",
      "type": "aws_vpc_endpoint",
      "name": "kinesis_streams",
      "each": "list",
      "provider": "provider.aws",
      "instances": []
    },
    {
      "module": "module.vpc",
      "mode": "managed",
      "type": "aws_vpc_endpoint",
      "name": "kms",
      "each": "list",
      "provider": "provider.aws",
      "instances": []
    },
    {
      "module": "module.vpc",
      "mode": "managed",
      "type": "aws_vpc_endpoint",
      "name": "logs",
      "each": "list",
      "provider": "provider.aws",
      "instances": []
    },
    {
      "module": "module.vpc",
      "mode": "managed",
      "type": "aws_vpc_endpoint",
      "name": "monitoring",
      "each": "list",
      "provider": "provider.aws",
      "instances": []
    },
    {
      "module": "module.vpc",
      "mode": "managed",
      "type": "aws_vpc_endpoint",
      "name": "rekognition",
      "each": "list",
      "provider": "provider.aws",
      "instances": []
    },
    {
      "module": "module.vpc",
      "mode": "managed",
      "type": "aws_vpc_endpoint",
      "name": "s3",
      "each": "list",
      "provider": "provider.aws",
      "instances": []
    },
    {
      "module": "module.vpc",
      "mode": "managed",
      "type": "aws_vpc_endpoint",
      "name": "sagemaker_api",
      "each": "list",
      "provider": "provider.aws",
      "instances": []
    },
    {
      "module": "module.vpc",
      "mode": "managed",
      "type": "aws_vpc_endpoint",
      "name": "sagemaker_notebook",
      "each": "list",
      "provider": "provider.aws",
      "instances": []
    },
    {
      "module": "module.vpc",
      "mode": "managed",
      "type": "aws_vpc_endpoint",
      "name": "sagemaker_runtime",
      "each": "list",
      "provider": "provider.aws",
      "instances": []
    },
    {
      "module": "module.vpc",
      "mode": "managed",
      "type": "aws_vpc_endpoint",
      "name": "secretsmanager",
      "each": "list",
      "provider": "provider.aws",
      "instances": []
    },
    {
      "module": "module.vpc",
      "mode": "managed",
      "type": "aws_vpc_endpoint",
      "name": "servicecatalog",
      "each": "list",
      "provider": "provider.aws",
      "instances": []
    },
    {
      "module": "module.vpc",
      "mode": "managed",
      "type": "aws_vpc_endpoint",
      "name": "sns",
      "each": "list",
      "provider": "provider.aws",
      "instances": []
    },
    {
      "module": "module.vpc",
      "mode": "managed",
      "type": "aws_vpc_endpoint",
      "name": "sqs",
      "each": "list",
      "provider": "provider.aws",
      "instances": []
    },
    {
      "module": "module.vpc",
      "mode": "managed",
      "type": "aws_vpc_endpoint",
      "name": "ssm",
      "each": "list",
      "provider": "provider.aws",
      "instances": []
    },
    {
      "module": "module.vpc",
      "mode": "managed",
      "type": "aws_vpc_endpoint",
      "name": "ssmmessages",
      "each": "list",
      "provider": "provider.aws",
      "instances": []
    },
    {
      "module": "module.vpc",
      "mode": "managed",
      "type": "aws_vpc_endpoint",
      "name": "storagegateway",
      "each": "list",
      "provider": "provider.aws",
      "instances": []
    },
    {
      "module": "module.vpc",
      "mode": "managed",
      "type": "aws_vpc_endpoint",
      "name": "sts",
      "each": "list",
      "provider": "provider.aws",
      "instances": []
    },
    {
      "module": "module.vpc",
      "mode": "managed",
      "type": "aws_vpc_endpoint",
      "name": "transfer",
      "each": "list",
      "provider": "provider.aws",
      "instances": []
    },
    {
      "module": "module.vpc",
      "mode": "managed",
      "type": "aws_vpc_endpoint",
      "name": "transferserver",
      "each": "list",
      "provider": "provider.aws",
      "instances": []
    },
    {
      "module": "module.vpc",
      "mode": "managed",
      "type": "aws_vpc_endpoint_route_table_association",
      "name": "intra_dynamodb",
      "each": "list",
      "provider": "provider.aws",
      "instances": []
    },
    {
      "module": "module.vpc",
      "mode": "managed",
      "type": "aws_vpc_endpoint_route_table_association",
      "name": "intra_s3",
      "each": "list",
      "provider": "provider.aws",
      "instances": []
    },
    {
      "module": "module.vpc",
      "mode": "managed",
      "type": "aws_vpc_endpoint_route_table_association",
      "name": "private_dynamodb",
      "each": "list",
      "provider": "provider.aws",
      "instances": []
    },
    {
      "module": "module.vpc",
      "mode": "managed",
      "type": "aws_vpc_endpoint_route_table_association",
      "name": "private_s3",
      "each": "list",
      "provider": "provider.aws",
      "instances": []
    },
    {
      "module": "module.vpc",
      "mode": "managed",
      "type": "aws_vpc_endpoint_route_table_association",
      "name": "public_dynamodb",
      "each": "list",
      "provider": "provider.aws",
      "instances": []
    },
    {
      "module": "module.vpc",
      "mode": "managed",
      "type": "aws_vpc_endpoint_route_table_association",
      "name": "public_s3",
      "each": "list",
      "provider": "provider.aws",
      "instances": []
    },
    {
      "module": "module.vpc",
      "mode": "managed",
      "type": "aws_vpc_ipv4_cidr_block_association",
      "name": "this",
      "each": "list",
      "provider": "provider.aws",
      "instances": []
    },
    {
      "module": "module.vpc",
      "mode": "managed",
      "type": "aws_vpn_gateway",
      "name": "this",
      "each": "list",
      "provider": "provider.aws",
      "instances": []
    },
    {
      "module": "module.vpc",
      "mode": "managed",
      "type": "aws_vpn_gateway_attachment",
      "name": "this",
      "each": "list",
      "provider": "provider.aws",
      "instances": []
    },
    {
      "module": "module.vpc",
      "mode": "managed",
      "type": "aws_vpn_gateway_route_propagation",
      "name": "private",
      "each": "list",
      "provider": "provider.aws",
      "instances": []
    },
    {
      "module": "module.vpc",
      "mode": "managed",
      "type": "aws_vpn_gateway_route_propagation",
      "name": "public",
      "each": "list",
      "provider": "provider.aws",
      "instances": []
    },
    {
      "mode": "managed",
      "type": "random_password",
      "name": "pgsql_password",
      "provider": "provider.random",
      "instances": [
        {
          "schema_version": 0,
          "attributes": {
            "id": "none",
            "keepers": null,
            "length": 20,
            "lower": true,
            "min_lower": 0,
            "min_numeric": 0,
            "min_special": 0,
            "min_upper": 0,
            "number": true,
            "override_special": null,
            "result": "ik5fVPt0KCQ2sVc6B6vE",
            "special": false,
            "upper": true
          },
          "private": "bnVsbA=="
        }
      ]
    }
  ]
}
